
Microsoft Visual Studio Solution File, Format Version 10.00
# Visual Studio 2008
Project("{FAE04EC0-301F-11D3-BF4B-00C04F79EFBC}") = "Study", "Study\Study.csproj", "{8D2D0DB8-D2D2-4307-B19B-8B19570656E5}"
EndProject
Global
	GlobalSection(SolutionConfigurationPlatforms) = preSolution
		Debug|Any CPU = Debug|Any CPU
		Release|Any CPU = Release|Any CPU
	EndGlobalSection
	GlobalSection(ProjectConfigurationPlatforms) = postSolution
		{8D2D0DB8-D2D2-4307-B19B-8B19570656E5}.Debug|Any CPU.ActiveCfg = Debug|Any CPU
		{8D2D0DB8-D2D2-4307-B19B-8B19570656E5}.Debug|Any CPU.Build.0 = Debug|Any CPU
		{8D2D0DB8-D2D2-4307-B19B-8B19570656E5}.Release|Any CPU.ActiveCfg = Release|Any CPU
		{8D2D0DB8-D2D2-4307-B19B-8B19570656E5}.Release|Any CPU.Build.0 = Release|Any CPU
	EndGlobalSection
	GlobalSection(SolutionProperties) = preSolution
		HideSolutionNode = FALSE
	EndGlobalSection
EndGlobal
